
Microsoft Visual Studio Solution File, Format Version 12.00
# Visual Studio Version 16
VisualStudioVersion = 16.0.36631.11
MinimumVisualStudioVersion = 10.0.40219.1
Project("{8BC9CEB8-8B4A-11D0-8D11-00A0C91BC942}") = "Blink", "Blink\Blink.vcxproj", "{D27BBE3A-31B1-4ACB-AD54-A3C9F349BD4D}"
EndProject
Global
	GlobalSection(SolutionConfigurationPlatforms) = preSolution
		Debug|ARM = Debug|ARM
		Debug|ARM64 = Debug|ARM64
		Release|ARM = Release|ARM
		Release|ARM64 = Release|ARM64
	EndGlobalSection
	GlobalSection(ProjectConfigurationPlatforms) = postSolution
		{D27BBE3A-31B1-4ACB-AD54-A3C9F349BD4D}.Debug|ARM.ActiveCfg = Debug|ARM
		{D27BBE3A-31B1-4ACB-AD54-A3C9F349BD4D}.Debug|ARM.Build.0 = Debug|ARM
		{D27BBE3A-31B1-4ACB-AD54-A3C9F349BD4D}.Debug|ARM.Deploy.0 = Debug|ARM
		{D27BBE3A-31B1-4ACB-AD54-A3C9F349BD4D}.Debug|ARM64.ActiveCfg = Debug|ARM64
		{D27BBE3A-31B1-4ACB-AD54-A3C9F349BD4D}.Debug|ARM64.Build.0 = Debug|ARM64
		{D27BBE3A-31B1-4ACB-AD54-A3C9F349BD4D}.Debug|ARM64.Deploy.0 = Debug|ARM64
		{D27BBE3A-31B1-4ACB-AD54-A3C9F349BD4D}.Release|ARM.ActiveCfg = Release|ARM
		{D27BBE3A-31B1-4ACB-AD54-A3C9F349BD4D}.Release|ARM.Build.0 = Release|ARM
		{D27BBE3A-31B1-4ACB-AD54-A3C9F349BD4D}.Release|ARM.Deploy.0 = Release|ARM
		{D27BBE3A-31B1-4ACB-AD54-A3C9F349BD4D}.Release|ARM64.ActiveCfg = Release|ARM64
		{D27BBE3A-31B1-4ACB-AD54-A3C9F349BD4D}.Release|ARM64.Build.0 = Release|ARM64
		{D27BBE3A-31B1-4ACB-AD54-A3C9F349BD4D}.Release|ARM64.Deploy.0 = Release|ARM64
	EndGlobalSection
	GlobalSection(SolutionProperties) = preSolution
		HideSolutionNode = FALSE
	EndGlobalSection
	GlobalSection(ExtensibilityGlobals) = postSolution
		SolutionGuid = {DA7E60A3-DB43-4D03-811A-4610554E940F}
	EndGlobalSection
EndGlobal
